
Microsoft Visual Studio Solution File, Format Version 12.00
# Visual Studio Version 17
VisualStudioVersion = 17.10.35122.118
MinimumVisualStudioVersion = 10.0.40219.1
Project("{FAE04EC0-301F-11D3-BF4B-00C04F79EFBC}") = "TODOWinApp", "TODOWinApp\TODOWinApp.csproj", "{664FA198-7502-4A0B-9EFB-79667CF6E8C8}"
EndProject
Project("{54435603-DBB4-11D2-8724-00A0C9A8B90C}") = "TODOWinAppInstaller", "TODOWinAppInstaller\TODOWinAppInstaller.vdproj", "{C2E76EFC-D274-4602-9C0A-20400968F39C}"
EndProject
Global
	GlobalSection(SolutionConfigurationPlatforms) = preSolution
		Debug|Any CPU = Debug|Any CPU
		Release|Any CPU = Release|Any CPU
	EndGlobalSection
	GlobalSection(ProjectConfigurationPlatforms) = postSolution
		{664FA198-7502-4A0B-9EFB-79667CF6E8C8}.Debug|Any CPU.ActiveCfg = Debug|Any CPU
		{664FA198-7502-4A0B-9EFB-79667CF6E8C8}.Debug|Any CPU.Build.0 = Debug|Any CPU
		{664FA198-7502-4A0B-9EFB-79667CF6E8C8}.Release|Any CPU.ActiveCfg = Release|Any CPU
		{664FA198-7502-4A0B-9EFB-79667CF6E8C8}.Release|Any CPU.Build.0 = Release|Any CPU
		{C2E76EFC-D274-4602-9C0A-20400968F39C}.Debug|Any CPU.ActiveCfg = Debug
		{C2E76EFC-D274-4602-9C0A-20400968F39C}.Release|Any CPU.ActiveCfg = Release
	EndGlobalSection
	GlobalSection(SolutionProperties) = preSolution
		HideSolutionNode = FALSE
	EndGlobalSection
	GlobalSection(ExtensibilityGlobals) = postSolution
		SolutionGuid = {EC637AB2-3E31-4355-A8F5-33A146057B94}
	EndGlobalSection
EndGlobal
